
Microsoft Visual Studio Solution File, Format Version 12.00
Project("{FAE04EC0-301F-11D3-BF4B-00C04F79EFBC}") = "SztfGraf", "SztfGraf\SztfGraf.csproj", "{592DC3B0-09E0-4CBB-AB85-6B939BB437F5}"
EndProject
Global
	GlobalSection(SolutionConfigurationPlatforms) = preSolution
		Debug|Any CPU = Debug|Any CPU
		Release|Any CPU = Release|Any CPU
	EndGlobalSection
	GlobalSection(ProjectConfigurationPlatforms) = postSolution
		{592DC3B0-09E0-4CBB-AB85-6B939BB437F5}.Debug|Any CPU.ActiveCfg = Debug|Any CPU
		{592DC3B0-09E0-4CBB-AB85-6B939BB437F5}.Debug|Any CPU.Build.0 = Debug|Any CPU
		{592DC3B0-09E0-4CBB-AB85-6B939BB437F5}.Release|Any CPU.ActiveCfg = Release|Any CPU
		{592DC3B0-09E0-4CBB-AB85-6B939BB437F5}.Release|Any CPU.Build.0 = Release|Any CPU
	EndGlobalSection
EndGlobal
